
Microsoft Visual Studio Solution File, Format Version 12.00
# Visual Studio 15
VisualStudioVersion = 15.0.28010.2026
MinimumVisualStudioVersion = 10.0.40219.1
Project("{FAE04EC0-301F-11D3-BF4B-00C04F79EFBC}") = "FizzaApp", "FizzaApp\FizzaApp.csproj", "{647A5D1E-B0F9-4071-9C3D-B6ADDF9459F7}"
EndProject
Global
	GlobalSection(SolutionConfigurationPlatforms) = preSolution
		Debug|Any CPU = Debug|Any CPU
		Release|Any CPU = Release|Any CPU
	EndGlobalSection
	GlobalSection(ProjectConfigurationPlatforms) = postSolution
		{647A5D1E-B0F9-4071-9C3D-B6ADDF9459F7}.Debug|Any CPU.ActiveCfg = Debug|Any CPU
		{647A5D1E-B0F9-4071-9C3D-B6ADDF9459F7}.Debug|Any CPU.Build.0 = Debug|Any CPU
		{647A5D1E-B0F9-4071-9C3D-B6ADDF9459F7}.Release|Any CPU.ActiveCfg = Release|Any CPU
		{647A5D1E-B0F9-4071-9C3D-B6ADDF9459F7}.Release|Any CPU.Build.0 = Release|Any CPU
	EndGlobalSection
	GlobalSection(SolutionProperties) = preSolution
		HideSolutionNode = FALSE
	EndGlobalSection
	GlobalSection(ExtensibilityGlobals) = postSolution
		SolutionGuid = {A63FF8C9-F434-4EDC-B282-B78D645DECC1}
	EndGlobalSection
EndGlobal
