
Microsoft Visual Studio Solution File, Format Version 12.00
# Visual Studio 15
VisualStudioVersion = 15.0.28010.2026
MinimumVisualStudioVersion = 10.0.40219.1
Project("{FAE04EC0-301F-11D3-BF4B-00C04F79EFBC}") = "ConsoleAppProduct", "ConsoleAppProduct\ConsoleAppProduct.csproj", "{E32F0AFA-E3D2-46B5-B2FE-38C959376D9C}"
EndProject
Project("{FAE04EC0-301F-11D3-BF4B-00C04F79EFBC}") = "Handler", "Handler\Handler.csproj", "{4D5265AF-02F6-49B7-B84B-717236BA5B0F}"
EndProject
Project("{FAE04EC0-301F-11D3-BF4B-00C04F79EFBC}") = "Model", "Model\Model.csproj", "{3F42B835-612B-4F52-B821-495764861E30}"
EndProject
Global
	GlobalSection(SolutionConfigurationPlatforms) = preSolution
		Debug|Any CPU = Debug|Any CPU
		Release|Any CPU = Release|Any CPU
	EndGlobalSection
	GlobalSection(ProjectConfigurationPlatforms) = postSolution
		{E32F0AFA-E3D2-46B5-B2FE-38C959376D9C}.Debug|Any CPU.ActiveCfg = Debug|Any CPU
		{E32F0AFA-E3D2-46B5-B2FE-38C959376D9C}.Debug|Any CPU.Build.0 = Debug|Any CPU
		{E32F0AFA-E3D2-46B5-B2FE-38C959376D9C}.Release|Any CPU.ActiveCfg = Release|Any CPU
		{E32F0AFA-E3D2-46B5-B2FE-38C959376D9C}.Release|Any CPU.Build.0 = Release|Any CPU
		{4D5265AF-02F6-49B7-B84B-717236BA5B0F}.Debug|Any CPU.ActiveCfg = Debug|Any CPU
		{4D5265AF-02F6-49B7-B84B-717236BA5B0F}.Debug|Any CPU.Build.0 = Debug|Any CPU
		{4D5265AF-02F6-49B7-B84B-717236BA5B0F}.Release|Any CPU.ActiveCfg = Release|Any CPU
		{4D5265AF-02F6-49B7-B84B-717236BA5B0F}.Release|Any CPU.Build.0 = Release|Any CPU
		{3F42B835-612B-4F52-B821-495764861E30}.Debug|Any CPU.ActiveCfg = Debug|Any CPU
		{3F42B835-612B-4F52-B821-495764861E30}.Debug|Any CPU.Build.0 = Debug|Any CPU
		{3F42B835-612B-4F52-B821-495764861E30}.Release|Any CPU.ActiveCfg = Release|Any CPU
		{3F42B835-612B-4F52-B821-495764861E30}.Release|Any CPU.Build.0 = Release|Any CPU
	EndGlobalSection
	GlobalSection(SolutionProperties) = preSolution
		HideSolutionNode = FALSE
	EndGlobalSection
	GlobalSection(ExtensibilityGlobals) = postSolution
		SolutionGuid = {A4599012-0640-4A83-B70B-07648F45B29E}
	EndGlobalSection
EndGlobal
